// !$*UTF8*$!
{
	archiveVersion = 1;
	classes = {
	};
	objectVersion = 55;
	objects = {

/* Begin PBXBuildFile section */
		1F1ADD44288FCFC100D908D7 /* Notifications.swift in Sources */ = {isa = PBXBuildFile; fileRef = 1F1ADD43288FCFC100D908D7 /* Notifications.swift */; };
		1F1ADD462892633200D908D7 /* StatisticModel.swift in Sources */ = {isa = PBXBuildFile; fileRef = 1F1ADD452892633200D908D7 /* StatisticModel.swift */; };
		1F1ADD4B28927DAD00D908D7 /* StatisticManager.swift in Sources */ = {isa = PBXBuildFile; fileRef = 1F1ADD4A28927DAD00D908D7 /* StatisticManager.swift */; };
		1F1ADD4D28928EB000D908D7 /* StatisticViewController.swift in Sources */ = {isa = PBXBuildFile; fileRef = 1F1ADD4C28928EB000D908D7 /* StatisticViewController.swift */; };
		1F1ADD4F2892A7E800D908D7 /* StatisticTableViewCell.swift in Sources */ = {isa = PBXBuildFile; fileRef = 1F1ADD4E2892A7E800D908D7 /* StatisticTableViewCell.swift */; };
		1F68C01C2853286000FFBDD0 /* AppDelegate.swift in Sources */ = {isa = PBXBuildFile; fileRef = 1F68C01B2853286000FFBDD0 /* AppDelegate.swift */; };
		1F68C01E2853286000FFBDD0 /* SceneDelegate.swift in Sources */ = {isa = PBXBuildFile; fileRef = 1F68C01D2853286000FFBDD0 /* SceneDelegate.swift */; };
		1F68C0202853286000FFBDD0 /* ViewController.swift in Sources */ = {isa = PBXBuildFile; fileRef = 1F68C01F2853286000FFBDD0 /* ViewController.swift */; };
		1F68C0252853286200FFBDD0 /* Assets.xcassets in Resources */ = {isa = PBXBuildFile; fileRef = 1F68C0242853286200FFBDD0 /* Assets.xcassets */; };
		1F68C0282853286200FFBDD0 /* LaunchScreen.storyboard in Resources */ = {isa = PBXBuildFile; fileRef = 1F68C0262853286200FFBDD0 /* LaunchScreen.storyboard */; };
		1F68C030285328D200FFBDD0 /* BeeViewController.swift in Sources */ = {isa = PBXBuildFile; fileRef = 1F68C02F285328D200FFBDD0 /* BeeViewController.swift */; };
		1F68C0322853298900FFBDD0 /* BeeCollectionView.swift in Sources */ = {isa = PBXBuildFile; fileRef = 1F68C0312853298800FFBDD0 /* BeeCollectionView.swift */; };
		1F68C03428532CE400FFBDD0 /* BeeCollectionViewCell.swift in Sources */ = {isa = PBXBuildFile; fileRef = 1F68C03328532CE400FFBDD0 /* BeeCollectionViewCell.swift */; };
		1F825AC4285B7C8300B7C315 /* SettingsViewController.swift in Sources */ = {isa = PBXBuildFile; fileRef = 1F825AC3285B7C8300B7C315 /* SettingsViewController.swift */; };
		1F9510ED28844BE5002F4345 /* Даниил - вниз.mp3 in Resources */ = {isa = PBXBuildFile; fileRef = 1F9510E828844BE5002F4345 /* Даниил - вниз.mp3 */; };
		1F9510EE28844BE5002F4345 /* Даниил - Где муха?.mp3 in Resources */ = {isa = PBXBuildFile; fileRef = 1F9510E928844BE5002F4345 /* Даниил - Где муха?.mp3 */; };
		1F9510EF28844BE5002F4345 /* Даниил - вправо.mp3 in Resources */ = {isa = PBXBuildFile; fileRef = 1F9510EA28844BE5002F4345 /* Даниил - вправо.mp3 */; };
		1F9510F028844BE5002F4345 /* Даниил - вверх.mp3 in Resources */ = {isa = PBXBuildFile; fileRef = 1F9510EB28844BE5002F4345 /* Даниил - вверх.mp3 */; };
		1F9510F128844BE5002F4345 /* Даниил - влево.mp3 in Resources */ = {isa = PBXBuildFile; fileRef = 1F9510EC28844BE5002F4345 /* Даниил - влево.mp3 */; };
		1FD864DE288464A5008E02AF /* Даниил - false.mp3 in Resources */ = {isa = PBXBuildFile; fileRef = 1FD864DC288464A5008E02AF /* Даниил - false.mp3 */; };
		1FD864DF288464A5008E02AF /* Даниил - true.mp3 in Resources */ = {isa = PBXBuildFile; fileRef = 1FD864DD288464A5008E02AF /* Даниил - true.mp3 */; };
		1FD864E828846656008E02AF /* Филипп - false.mp3 in Resources */ = {isa = PBXBuildFile; fileRef = 1FD864E128846656008E02AF /* Филипп - false.mp3 */; };
		1FD864E928846656008E02AF /* Филипп - влево.mp3 in Resources */ = {isa = PBXBuildFile; fileRef = 1FD864E228846656008E02AF /* Филипп - влево.mp3 */; };
		1FD864EA28846656008E02AF /* Филипп - вправо.mp3 in Resources */ = {isa = PBXBuildFile; fileRef = 1FD864E328846656008E02AF /* Филипп - вправо.mp3 */; };
		1FD864EB28846656008E02AF /* Филипп - вниз.mp3 in Resources */ = {isa = PBXBuildFile; fileRef = 1FD864E428846656008E02AF /* Филипп - вниз.mp3 */; };
		1FD864EC28846656008E02AF /* Филипп - вверх.mp3 in Resources */ = {isa = PBXBuildFile; fileRef = 1FD864E528846656008E02AF /* Филипп - вверх.mp3 */; };
		1FD864ED28846656008E02AF /* Филипп - true.mp3 in Resources */ = {isa = PBXBuildFile; fileRef = 1FD864E628846656008E02AF /* Филипп - true.mp3 */; };
		1FD864EE28846656008E02AF /* Филипп - Где муха?.mp3 in Resources */ = {isa = PBXBuildFile; fileRef = 1FD864E728846656008E02AF /* Филипп - Где муха?.mp3 */; };
		1FD864F62884673A008E02AF /* Карина - влево.mp3 in Resources */ = {isa = PBXBuildFile; fileRef = 1FD864EF2884673A008E02AF /* Карина - влево.mp3 */; };
		1FD864F72884673A008E02AF /* Карина - вверх.mp3 in Resources */ = {isa = PBXBuildFile; fileRef = 1FD864F02884673A008E02AF /* Карина - вверх.mp3 */; };
		1FD864F82884673A008E02AF /* Карина - true.mp3 in Resources */ = {isa = PBXBuildFile; fileRef = 1FD864F12884673A008E02AF /* Карина - true.mp3 */; };
		1FD864F92884673A008E02AF /* Карина - Где муха?.mp3 in Resources */ = {isa = PBXBuildFile; fileRef = 1FD864F22884673A008E02AF /* Карина - Где муха?.mp3 */; };
		1FD864FA2884673A008E02AF /* Карина - false.mp3 in Resources */ = {isa = PBXBuildFile; fileRef = 1FD864F32884673A008E02AF /* Карина - false.mp3 */; };
		1FD864FB2884673A008E02AF /* Карина - вправо.mp3 in Resources */ = {isa = PBXBuildFile; fileRef = 1FD864F42884673A008E02AF /* Карина - вправо.mp3 */; };
		1FD864FC2884673A008E02AF /* Карина - вниз.mp3 in Resources */ = {isa = PBXBuildFile; fileRef = 1FD864F52884673A008E02AF /* Карина - вниз.mp3 */; };
		1FD8650D28846874008E02AF /* Алена - влево.mp3 in Resources */ = {isa = PBXBuildFile; fileRef = 1FD8650628846874008E02AF /* Алена - влево.mp3 */; };
		1FD8650E28846874008E02AF /* Алена - вверх.mp3 in Resources */ = {isa = PBXBuildFile; fileRef = 1FD8650728846874008E02AF /* Алена - вверх.mp3 */; };
		1FD8650F28846874008E02AF /* Алена - вправо.mp3 in Resources */ = {isa = PBXBuildFile; fileRef = 1FD8650828846874008E02AF /* Алена - вправо.mp3 */; };
		1FD8651028846874008E02AF /* Алена - true.mp3 in Resources */ = {isa = PBXBuildFile; fileRef = 1FD8650928846874008E02AF /* Алена - true.mp3 */; };
		1FD8651128846874008E02AF /* Алена - Где муха?.mp3 in Resources */ = {isa = PBXBuildFile; fileRef = 1FD8650A28846874008E02AF /* Алена - Где муха?.mp3 */; };
		1FD8651228846874008E02AF /* Алена - вниз.mp3 in Resources */ = {isa = PBXBuildFile; fileRef = 1FD8650B28846874008E02AF /* Алена - вниз.mp3 */; };
		1FD8651328846874008E02AF /* Алена - false.mp3 in Resources */ = {isa = PBXBuildFile; fileRef = 1FD8650C28846874008E02AF /* Алена - false.mp3 */; };
		1FD8651D28846997008E02AF /* Анна - true.mp3 in Resources */ = {isa = PBXBuildFile; fileRef = 1FD8651628846997008E02AF /* Анна - true.mp3 */; };
		1FD8651E28846997008E02AF /* Анна - false.mp3 in Resources */ = {isa = PBXBuildFile; fileRef = 1FD8651728846997008E02AF /* Анна - false.mp3 */; };
		1FD8651F28846997008E02AF /* Анна - вправо.mp3 in Resources */ = {isa = PBXBuildFile; fileRef = 1FD8651828846997008E02AF /* Анна - вправо.mp3 */; };
		1FD8652028846997008E02AF /* Анна - вверх.mp3 in Resources */ = {isa = PBXBuildFile; fileRef = 1FD8651928846997008E02AF /* Анна - вверх.mp3 */; };
		1FD8652128846997008E02AF /* Анна - влево.mp3 in Resources */ = {isa = PBXBuildFile; fileRef = 1FD8651A28846997008E02AF /* Анна - влево.mp3 */; };
		1FD8652228846997008E02AF /* Анна - вниз.mp3 in Resources */ = {isa = PBXBuildFile; fileRef = 1FD8651B28846997008E02AF /* Анна - вниз.mp3 */; };
		1FD8652328846997008E02AF /* Анна - Где муха?.mp3 in Resources */ = {isa = PBXBuildFile; fileRef = 1FD8651C28846997008E02AF /* Анна - Где муха?.mp3 */; };
		1FD8652B288469A4008E02AF /* Дмитрий - вверх.mp3 in Resources */ = {isa = PBXBuildFile; fileRef = 1FD86524288469A4008E02AF /* Дмитрий - вверх.mp3 */; };
		1FD8652C288469A4008E02AF /* Дмитрий - false.mp3 in Resources */ = {isa = PBXBuildFile; fileRef = 1FD86525288469A4008E02AF /* Дмитрий - false.mp3 */; };
		1FD8652D288469A4008E02AF /* Дмитрий - вниз.mp3 in Resources */ = {isa = PBXBuildFile; fileRef = 1FD86526288469A4008E02AF /* Дмитрий - вниз.mp3 */; };
		1FD8652E288469A4008E02AF /* Дмитрий - true.mp3 in Resources */ = {isa = PBXBuildFile; fileRef = 1FD86527288469A4008E02AF /* Дмитрий - true.mp3 */; };
		1FD8652F288469A4008E02AF /* Дмитрий - влево.mp3 in Resources */ = {isa = PBXBuildFile; fileRef = 1FD86528288469A4008E02AF /* Дмитрий - влево.mp3 */; };
		1FD86530288469A4008E02AF /* Дмитрий - Где муха?.mp3 in Resources */ = {isa = PBXBuildFile; fileRef = 1FD86529288469A4008E02AF /* Дмитрий - Где муха?.mp3 */; };
		1FD86531288469A4008E02AF /* Дмитрий - вправо.mp3 in Resources */ = {isa = PBXBuildFile; fileRef = 1FD8652A288469A4008E02AF /* Дмитрий - вправо.mp3 */; };
/* End PBXBuildFile section */

/* Begin PBXFileReference section */
		1F1ADD43288FCFC100D908D7 /* Notifications.swift */ = {isa = PBXFileReference; lastKnownFileType = sourcecode.swift; path = Notifications.swift; sourceTree = "<group>"; };
		1F1ADD452892633200D908D7 /* StatisticModel.swift */ = {isa = PBXFileReference; lastKnownFileType = sourcecode.swift; path = StatisticModel.swift; sourceTree = "<group>"; };
		1F1ADD4A28927DAD00D908D7 /* StatisticManager.swift */ = {isa = PBXFileReference; lastKnownFileType = sourcecode.swift; path = StatisticManager.swift; sourceTree = "<group>"; };
		1F1ADD4C28928EB000D908D7 /* StatisticViewController.swift */ = {isa = PBXFileReference; lastKnownFileType = sourcecode.swift; path = StatisticViewController.swift; sourceTree = "<group>"; };
		1F1ADD4E2892A7E800D908D7 /* StatisticTableViewCell.swift */ = {isa = PBXFileReference; lastKnownFileType = sourcecode.swift; path = StatisticTableViewCell.swift; sourceTree = "<group>"; };
		1F68C0182853286000FFBDD0 /* Муха.app */ = {isa = PBXFileReference; explicitFileType = wrapper.application; includeInIndex = 0; path = "Муха.app"; sourceTree = BUILT_PRODUCTS_DIR; };
		1F68C01B2853286000FFBDD0 /* AppDelegate.swift */ = {isa = PBXFileReference; lastKnownFileType = sourcecode.swift; path = AppDelegate.swift; sourceTree = "<group>"; };
		1F68C01D2853286000FFBDD0 /* SceneDelegate.swift */ = {isa = PBXFileReference; lastKnownFileType = sourcecode.swift; path = SceneDelegate.swift; sourceTree = "<group>"; };
		1F68C01F2853286000FFBDD0 /* ViewController.swift */ = {isa = PBXFileReference; lastKnownFileType = sourcecode.swift; path = ViewController.swift; sourceTree = "<group>"; };
		1F68C0242853286200FFBDD0 /* Assets.xcassets */ = {isa = PBXFileReference; lastKnownFileType = folder.assetcatalog; path = Assets.xcassets; sourceTree = "<group>"; };
		1F68C0272853286200FFBDD0 /* Base */ = {isa = PBXFileReference; lastKnownFileType = file.storyboard; name = Base; path = Base.lproj/LaunchScreen.storyboard; sourceTree = "<group>"; };
		1F68C0292853286200FFBDD0 /* Info.plist */ = {isa = PBXFileReference; lastKnownFileType = text.plist.xml; path = Info.plist; sourceTree = "<group>"; };
		1F68C02F285328D200FFBDD0 /* BeeViewController.swift */ = {isa = PBXFileReference; lastKnownFileType = sourcecode.swift; path = BeeViewController.swift; sourceTree = "<group>"; };
		1F68C0312853298800FFBDD0 /* BeeCollectionView.swift */ = {isa = PBXFileReference; lastKnownFileType = sourcecode.swift; path = BeeCollectionView.swift; sourceTree = "<group>"; };
		1F68C03328532CE400FFBDD0 /* BeeCollectionViewCell.swift */ = {isa = PBXFileReference; lastKnownFileType = sourcecode.swift; path = BeeCollectionViewCell.swift; sourceTree = "<group>"; };
		1F825AC3285B7C8300B7C315 /* SettingsViewController.swift */ = {isa = PBXFileReference; lastKnownFileType = sourcecode.swift; path = SettingsViewController.swift; sourceTree = "<group>"; };
		1F9510E828844BE5002F4345 /* Даниил - вниз.mp3 */ = {isa = PBXFileReference; lastKnownFileType = audio.mp3; path = "Даниил - вниз.mp3"; sourceTree = "<group>"; };
		1F9510E928844BE5002F4345 /* Даниил - Где муха?.mp3 */ = {isa = PBXFileReference; lastKnownFileType = audio.mp3; path = "Даниил - Где муха?.mp3"; sourceTree = "<group>"; };
		1F9510EA28844BE5002F4345 /* Даниил - вправо.mp3 */ = {isa = PBXFileReference; lastKnownFileType = audio.mp3; path = "Даниил - вправо.mp3"; sourceTree = "<group>"; };
		1F9510EB28844BE5002F4345 /* Даниил - вверх.mp3 */ = {isa = PBXFileReference; lastKnownFileType = audio.mp3; path = "Даниил - вверх.mp3"; sourceTree = "<group>"; };
		1F9510EC28844BE5002F4345 /* Даниил - влево.mp3 */ = {isa = PBXFileReference; lastKnownFileType = audio.mp3; path = "Даниил - влево.mp3"; sourceTree = "<group>"; };
		1FD864DC288464A5008E02AF /* Даниил - false.mp3 */ = {isa = PBXFileReference; lastKnownFileType = audio.mp3; path = "Даниил - false.mp3"; sourceTree = "<group>"; };
		1FD864DD288464A5008E02AF /* Даниил - true.mp3 */ = {isa = PBXFileReference; lastKnownFileType = audio.mp3; path = "Даниил - true.mp3"; sourceTree = "<group>"; };
		1FD864E128846656008E02AF /* Филипп - false.mp3 */ = {isa = PBXFileReference; lastKnownFileType = audio.mp3; path = "Филипп - false.mp3"; sourceTree = "<group>"; };
		1FD864E228846656008E02AF /* Филипп - влево.mp3 */ = {isa = PBXFileReference; lastKnownFileType = audio.mp3; path = "Филипп - влево.mp3"; sourceTree = "<group>"; };
		1FD864E328846656008E02AF /* Филипп - вправо.mp3 */ = {isa = PBXFileReference; lastKnownFileType = audio.mp3; path = "Филипп - вправо.mp3"; sourceTree = "<group>"; };
		1FD864E428846656008E02AF /* Филипп - вниз.mp3 */ = {isa = PBXFileReference; lastKnownFileType = audio.mp3; path = "Филипп - вниз.mp3"; sourceTree = "<group>"; };
		1FD864E528846656008E02AF /* Филипп - вверх.mp3 */ = {isa = PBXFileReference; lastKnownFileType = audio.mp3; path = "Филипп - вверх.mp3"; sourceTree = "<group>"; };
		1FD864E628846656008E02AF /* Филипп - true.mp3 */ = {isa = PBXFileReference; lastKnownFileType = audio.mp3; path = "Филипп - true.mp3"; sourceTree = "<group>"; };
		1FD864E728846656008E02AF /* Филипп - Где муха?.mp3 */ = {isa = PBXFileReference; lastKnownFileType = audio.mp3; path = "Филипп - Где муха?.mp3"; sourceTree = "<group>"; };
		1FD864EF2884673A008E02AF /* Карина - влево.mp3 */ = {isa = PBXFileReference; lastKnownFileType = audio.mp3; path = "Карина - влево.mp3"; sourceTree = "<group>"; };
		1FD864F02884673A008E02AF /* Карина - вверх.mp3 */ = {isa = PBXFileReference; lastKnownFileType = audio.mp3; path = "Карина - вверх.mp3"; sourceTree = "<group>"; };
		1FD864F12884673A008E02AF /* Карина - true.mp3 */ = {isa = PBXFileReference; lastKnownFileType = audio.mp3; path = "Карина - true.mp3"; sourceTree = "<group>"; };
		1FD864F22884673A008E02AF /* Карина - Где муха?.mp3 */ = {isa = PBXFileReference; lastKnownFileType = audio.mp3; path = "Карина - Где муха?.mp3"; sourceTree = "<group>"; };
		1FD864F32884673A008E02AF /* Карина - false.mp3 */ = {isa = PBXFileReference; lastKnownFileType = audio.mp3; path = "Карина - false.mp3"; sourceTree = "<group>"; };
		1FD864F42884673A008E02AF /* Карина - вправо.mp3 */ = {isa = PBXFileReference; lastKnownFileType = audio.mp3; path = "Карина - вправо.mp3"; sourceTree = "<group>"; };
		1FD864F52884673A008E02AF /* Карина - вниз.mp3 */ = {isa = PBXFileReference; lastKnownFileType = audio.mp3; path = "Карина - вниз.mp3"; sourceTree = "<group>"; };
		1FD8650628846874008E02AF /* Алена - влево.mp3 */ = {isa = PBXFileReference; lastKnownFileType = audio.mp3; path = "Алена - влево.mp3"; sourceTree = "<group>"; };
		1FD8650728846874008E02AF /* Алена - вверх.mp3 */ = {isa = PBXFileReference; lastKnownFileType = audio.mp3; path = "Алена - вверх.mp3"; sourceTree = "<group>"; };
		1FD8650828846874008E02AF /* Алена - вправо.mp3 */ = {isa = PBXFileReference; lastKnownFileType = audio.mp3; path = "Алена - вправо.mp3"; sourceTree = "<group>"; };
		1FD8650928846874008E02AF /* Алена - true.mp3 */ = {isa = PBXFileReference; lastKnownFileType = audio.mp3; path = "Алена - true.mp3"; sourceTree = "<group>"; };
		1FD8650A28846874008E02AF /* Алена - Где муха?.mp3 */ = {isa = PBXFileReference; lastKnownFileType = audio.mp3; path = "Алена - Где муха?.mp3"; sourceTree = "<group>"; };
		1FD8650B28846874008E02AF /* Алена - вниз.mp3 */ = {isa = PBXFileReference; lastKnownFileType = audio.mp3; path = "Алена - вниз.mp3"; sourceTree = "<group>"; };
		1FD8650C28846874008E02AF /* Алена - false.mp3 */ = {isa = PBXFileReference; lastKnownFileType = audio.mp3; path = "Алена - false.mp3"; sourceTree = "<group>"; };
		1FD8651628846997008E02AF /* Анна - true.mp3 */ = {isa = PBXFileReference; lastKnownFileType = audio.mp3; path = "Анна - true.mp3"; sourceTree = "<group>"; };
		1FD8651728846997008E02AF /* Анна - false.mp3 */ = {isa = PBXFileReference; lastKnownFileType = audio.mp3; path = "Анна - false.mp3"; sourceTree = "<group>"; };
		1FD8651828846997008E02AF /* Анна - вправо.mp3 */ = {isa = PBXFileReference; lastKnownFileType = audio.mp3; path = "Анна - вправо.mp3"; sourceTree = "<group>"; };
		1FD8651928846997008E02AF /* Анна - вверх.mp3 */ = {isa = PBXFileReference; lastKnownFileType = audio.mp3; path = "Анна - вверх.mp3"; sourceTree = "<group>"; };
		1FD8651A28846997008E02AF /* Анна - влево.mp3 */ = {isa = PBXFileReference; lastKnownFileType = audio.mp3; path = "Анна - влево.mp3"; sourceTree = "<group>"; };
		1FD8651B28846997008E02AF /* Анна - вниз.mp3 */ = {isa = PBXFileReference; lastKnownFileType = audio.mp3; path = "Анна - вниз.mp3"; sourceTree = "<group>"; };
		1FD8651C28846997008E02AF /* Анна - Где муха?.mp3 */ = {isa = PBXFileReference; lastKnownFileType = audio.mp3; path = "Анна - Где муха?.mp3"; sourceTree = "<group>"; };
		1FD86524288469A4008E02AF /* Дмитрий - вверх.mp3 */ = {isa = PBXFileReference; lastKnownFileType = audio.mp3; path = "Дмитрий - вверх.mp3"; sourceTree = "<group>"; };
		1FD86525288469A4008E02AF /* Дмитрий - false.mp3 */ = {isa = PBXFileReference; lastKnownFileType = audio.mp3; path = "Дмитрий - false.mp3"; sourceTree = "<group>"; };
		1FD86526288469A4008E02AF /* Дмитрий - вниз.mp3 */ = {isa = PBXFileReference; lastKnownFileType = audio.mp3; path = "Дмитрий - вниз.mp3"; sourceTree = "<group>"; };
		1FD86527288469A4008E02AF /* Дмитрий - true.mp3 */ = {isa = PBXFileReference; lastKnownFileType = audio.mp3; path = "Дмитрий - true.mp3"; sourceTree = "<group>"; };
		1FD86528288469A4008E02AF /* Дмитрий - влево.mp3 */ = {isa = PBXFileReference; lastKnownFileType = audio.mp3; path = "Дмитрий - влево.mp3"; sourceTree = "<group>"; };
		1FD86529288469A4008E02AF /* Дмитрий - Где муха?.mp3 */ = {isa = PBXFileReference; lastKnownFileType = audio.mp3; path = "Дмитрий - Где муха?.mp3"; sourceTree = "<group>"; };
		1FD8652A288469A4008E02AF /* Дмитрий - вправо.mp3 */ = {isa = PBXFileReference; lastKnownFileType = audio.mp3; path = "Дмитрий - вправо.mp3"; sourceTree = "<group>"; };
		B3345615330339374395CE16 /* Pods-Муха.debug.xcconfig */ = {isa = PBXFileReference; includeInIndex = 1; lastKnownFileType = text.xcconfig; name = "Pods-Муха.debug.xcconfig"; path = "Target Support Files/Pods-Муха/Pods-Муха.debug.xcconfig"; sourceTree = "<group>"; };
		E0CE08313C80FB50470D50CF /* Pods-Муха.release.xcconfig */ = {isa = PBXFileReference; includeInIndex = 1; lastKnownFileType = text.xcconfig; name = "Pods-Муха.release.xcconfig"; path = "Target Support Files/Pods-Муха/Pods-Муха.release.xcconfig"; sourceTree = "<group>"; };
/* End PBXFileReference section */

/* Begin PBXFrameworksBuildPhase section */
		1F68C0152853286000FFBDD0 /* Frameworks */ = {
			isa = PBXFrameworksBuildPhase;
			buildActionMask = 2147483647;
			files = (
			);
			runOnlyForDeploymentPostprocessing = 0;
		};
/* End PBXFrameworksBuildPhase section */

/* Begin PBXGroup section */
		1F1ADD4728927BC100D908D7 /* Statistic */ = {
			isa = PBXGroup;
			children = (
				1F1ADD4C28928EB000D908D7 /* StatisticViewController.swift */,
				1F1ADD4E2892A7E800D908D7 /* StatisticTableViewCell.swift */,
				1F1ADD452892633200D908D7 /* StatisticModel.swift */,
				1F1ADD4A28927DAD00D908D7 /* StatisticManager.swift */,
			);
			path = Statistic;
			sourceTree = "<group>";
		};
		1F1ADD4828927BD000D908D7 /* Settings */ = {
			isa = PBXGroup;
			children = (
				1F825AC3285B7C8300B7C315 /* SettingsViewController.swift */,
			);
			path = Settings;
			sourceTree = "<group>";
		};
		1F1ADD4928927BDD00D908D7 /* Main */ = {
			isa = PBXGroup;
			children = (
				1F68C02F285328D200FFBDD0 /* BeeViewController.swift */,
				1F68C0312853298800FFBDD0 /* BeeCollectionView.swift */,
				1F68C03328532CE400FFBDD0 /* BeeCollectionViewCell.swift */,
			);
			path = Main;
			sourceTree = "<group>";
		};
		1F68C00F2853286000FFBDD0 = {
			isa = PBXGroup;
			children = (
				1F68C01A2853286000FFBDD0 /* Муха */,
				1F68C0192853286000FFBDD0 /* Products */,
				ED85468B18D57881F02DB71C /* Pods */,
				98BAC5E61334ADE24CFB3F8D /* Frameworks */,
			);
			sourceTree = "<group>";
		};
		1F68C0192853286000FFBDD0 /* Products */ = {
			isa = PBXGroup;
			children = (
				1F68C0182853286000FFBDD0 /* Муха.app */,
			);
			name = Products;
			sourceTree = "<group>";
		};
		1F68C01A2853286000FFBDD0 /* Муха */ = {
			isa = PBXGroup;
			children = (
				1F825AB8285B146800B7C315 /* Sounds */,
				1FA17FDB28ABEF0B00E9461D /* App */,
				1F68C0242853286200FFBDD0 /* Assets.xcassets */,
				1F68C0262853286200FFBDD0 /* LaunchScreen.storyboard */,
				1F68C0292853286200FFBDD0 /* Info.plist */,
				1FA17FDC28ABEF2B00E9461D /* Controllers */,
			);
			path = "Муха";
			sourceTree = "<group>";
		};
		1F825AB8285B146800B7C315 /* Sounds */ = {
			isa = PBXGroup;
			children = (
				1FD865152884698A008E02AF /* Дмитрий */,
				1FD865142884697F008E02AF /* Анна */,
				1FD864FE28846753008E02AF /* Алена */,
				1FD864E02884663C008E02AF /* Филипп */,
				1F9510F228844D10002F4345 /* Карина */,
				1F9510E728844BBC002F4345 /* Даниил */,
			);
			path = Sounds;
			sourceTree = "<group>";
		};
		1F9510E728844BBC002F4345 /* Даниил */ = {
			isa = PBXGroup;
			children = (
				1F9510EB28844BE5002F4345 /* Даниил - вверх.mp3 */,
				1F9510EC28844BE5002F4345 /* Даниил - влево.mp3 */,
				1F9510E828844BE5002F4345 /* Даниил - вниз.mp3 */,
				1F9510EA28844BE5002F4345 /* Даниил - вправо.mp3 */,
				1F9510E928844BE5002F4345 /* Даниил - Где муха?.mp3 */,
				1FD864DC288464A5008E02AF /* Даниил - false.mp3 */,
				1FD864DD288464A5008E02AF /* Даниил - true.mp3 */,
			);
			path = "Даниил";
			sourceTree = "<group>";
		};
		1F9510F228844D10002F4345 /* Карина */ = {
			isa = PBXGroup;
			children = (
				1FD864F02884673A008E02AF /* Карина - вверх.mp3 */,
				1FD864EF2884673A008E02AF /* Карина - влево.mp3 */,
				1FD864F52884673A008E02AF /* Карина - вниз.mp3 */,
				1FD864F42884673A008E02AF /* Карина - вправо.mp3 */,
				1FD864F22884673A008E02AF /* Карина - Где муха?.mp3 */,
				1FD864F32884673A008E02AF /* Карина - false.mp3 */,
				1FD864F12884673A008E02AF /* Карина - true.mp3 */,
			);
			path = "Карина";
			sourceTree = "<group>";
		};
		1FA17FDB28ABEF0B00E9461D /* App */ = {
			isa = PBXGroup;
			children = (
				1F68C01B2853286000FFBDD0 /* AppDelegate.swift */,
				1F68C01D2853286000FFBDD0 /* SceneDelegate.swift */,
				1F68C01F2853286000FFBDD0 /* ViewController.swift */,
				1F1ADD43288FCFC100D908D7 /* Notifications.swift */,
			);
			path = App;
			sourceTree = "<group>";
		};
		1FA17FDC28ABEF2B00E9461D /* Controllers */ = {
			isa = PBXGroup;
			children = (
				1F1ADD4928927BDD00D908D7 /* Main */,
				1F1ADD4828927BD000D908D7 /* Settings */,
				1F1ADD4728927BC100D908D7 /* Statistic */,
			);
			path = Controllers;
			sourceTree = "<group>";
		};
		1FD864E02884663C008E02AF /* Филипп */ = {
			isa = PBXGroup;
			children = (
				1FD864E528846656008E02AF /* Филипп - вверх.mp3 */,
				1FD864E228846656008E02AF /* Филипп - влево.mp3 */,
				1FD864E428846656008E02AF /* Филипп - вниз.mp3 */,
				1FD864E328846656008E02AF /* Филипп - вправо.mp3 */,
				1FD864E728846656008E02AF /* Филипп - Где муха?.mp3 */,
				1FD864E128846656008E02AF /* Филипп - false.mp3 */,
				1FD864E628846656008E02AF /* Филипп - true.mp3 */,
			);
			path = "Филипп";
			sourceTree = "<group>";
		};
		1FD864FE28846753008E02AF /* Алена */ = {
			isa = PBXGroup;
			children = (
				1FD8650728846874008E02AF /* Алена - вверх.mp3 */,
				1FD8650628846874008E02AF /* Алена - влево.mp3 */,
				1FD8650B28846874008E02AF /* Алена - вниз.mp3 */,
				1FD8650828846874008E02AF /* Алена - вправо.mp3 */,
				1FD8650A28846874008E02AF /* Алена - Где муха?.mp3 */,
				1FD8650C28846874008E02AF /* Алена - false.mp3 */,
				1FD8650928846874008E02AF /* Алена - true.mp3 */,
			);
			path = "Алена";
			sourceTree = "<group>";
		};
		1FD865142884697F008E02AF /* Анна */ = {
			isa = PBXGroup;
			children = (
				1FD8651928846997008E02AF /* Анна - вверх.mp3 */,
				1FD8651A28846997008E02AF /* Анна - влево.mp3 */,
				1FD8651B28846997008E02AF /* Анна - вниз.mp3 */,
				1FD8651828846997008E02AF /* Анна - вправо.mp3 */,
				1FD8651C28846997008E02AF /* Анна - Где муха?.mp3 */,
				1FD8651728846997008E02AF /* Анна - false.mp3 */,
				1FD8651628846997008E02AF /* Анна - true.mp3 */,
			);
			path = "Анна";
			sourceTree = "<group>";
		};
		1FD865152884698A008E02AF /* Дмитрий */ = {
			isa = PBXGroup;
			children = (
				1FD86524288469A4008E02AF /* Дмитрий - вверх.mp3 */,
				1FD86528288469A4008E02AF /* Дмитрий - влево.mp3 */,
				1FD86526288469A4008E02AF /* Дмитрий - вниз.mp3 */,
				1FD8652A288469A4008E02AF /* Дмитрий - вправо.mp3 */,
				1FD86529288469A4008E02AF /* Дмитрий - Где муха?.mp3 */,
				1FD86525288469A4008E02AF /* Дмитрий - false.mp3 */,
				1FD86527288469A4008E02AF /* Дмитрий - true.mp3 */,
			);
			name = "Дмитрий";
			path = "Дмитрий";
			sourceTree = "<group>";
		};
		98BAC5E61334ADE24CFB3F8D /* Frameworks */ = {
			isa = PBXGroup;
			children = (
			);
			name = Frameworks;
			sourceTree = "<group>";
		};
		ED85468B18D57881F02DB71C /* Pods */ = {
			isa = PBXGroup;
			children = (
				B3345615330339374395CE16 /* Pods-Муха.debug.xcconfig */,
				E0CE08313C80FB50470D50CF /* Pods-Муха.release.xcconfig */,
			);
			path = Pods;
			sourceTree = "<group>";
		};
/* End PBXGroup section */

/* Begin PBXNativeTarget section */
		1F68C0172853286000FFBDD0 /* Муха */ = {
			isa = PBXNativeTarget;
			buildConfigurationList = 1F68C02C2853286200FFBDD0 /* Build configuration list for PBXNativeTarget "Муха" */;
			buildPhases = (
				A2D6A569EA5453081B4AA4A0 /* [CP] Check Pods Manifest.lock */,
				1F68C0142853286000FFBDD0 /* Sources */,
				1F68C0152853286000FFBDD0 /* Frameworks */,
				1F68C0162853286000FFBDD0 /* Resources */,
				443109D98DC361693629D4D1 /* [CP] Embed Pods Frameworks */,
			);
			buildRules = (
			);
			dependencies = (
			);
			name = "Муха";
			productName = "Муха";
			productReference = 1F68C0182853286000FFBDD0 /* Муха.app */;
			productType = "com.apple.product-type.application";
		};
/* End PBXNativeTarget section */

/* Begin PBXProject section */
		1F68C0102853286000FFBDD0 /* Project object */ = {
			isa = PBXProject;
			attributes = {
				BuildIndependentTargetsInParallel = 1;
				LastSwiftUpdateCheck = 1330;
				LastUpgradeCheck = 1330;
				TargetAttributes = {
					1F68C0172853286000FFBDD0 = {
						CreatedOnToolsVersion = 13.3;
					};
				};
			};
			buildConfigurationList = 1F68C0132853286000FFBDD0 /* Build configuration list for PBXProject "Муха" */;
			compatibilityVersion = "Xcode 13.0";
			developmentRegion = en;
			hasScannedForEncodings = 0;
			knownRegions = (
				en,
				Base,
			);
			mainGroup = 1F68C00F2853286000FFBDD0;
			productRefGroup = 1F68C0192853286000FFBDD0 /* Products */;
			projectDirPath = "";
			projectRoot = "";
			targets = (
				1F68C0172853286000FFBDD0 /* Муха */,
			);
		};
/* End PBXProject section */

/* Begin PBXResourcesBuildPhase section */
		1F68C0162853286000FFBDD0 /* Resources */ = {
			isa = PBXResourcesBuildPhase;
			buildActionMask = 2147483647;
			files = (
				1FD8651E28846997008E02AF /* Анна - false.mp3 in Resources */,
				1FD864FB2884673A008E02AF /* Карина - вправо.mp3 in Resources */,
				1FD8652228846997008E02AF /* Анна - вниз.mp3 in Resources */,
				1FD8652E288469A4008E02AF /* Дмитрий - true.mp3 in Resources */,
				1FD864F72884673A008E02AF /* Карина - вверх.mp3 in Resources */,
				1F68C0282853286200FFBDD0 /* LaunchScreen.storyboard in Resources */,
				1FD864E928846656008E02AF /* Филипп - влево.mp3 in Resources */,
				1FD864F92884673A008E02AF /* Карина - Где муха?.mp3 in Resources */,
				1FD864EB28846656008E02AF /* Филипп - вниз.mp3 in Resources */,
				1F9510EF28844BE5002F4345 /* Даниил - вправо.mp3 in Resources */,
				1FD8652C288469A4008E02AF /* Дмитрий - false.mp3 in Resources */,
				1FD864EC28846656008E02AF /* Филипп - вверх.mp3 in Resources */,
				1FD8651328846874008E02AF /* Алена - false.mp3 in Resources */,
				1FD86531288469A4008E02AF /* Дмитрий - вправо.mp3 in Resources */,
				1FD8651028846874008E02AF /* Алена - true.mp3 in Resources */,
				1F9510EE28844BE5002F4345 /* Даниил - Где муха?.mp3 in Resources */,
				1FD8650F28846874008E02AF /* Алена - вправо.mp3 in Resources */,
				1FD864EA28846656008E02AF /* Филипп - вправо.mp3 in Resources */,
				1FD864DF288464A5008E02AF /* Даниил - true.mp3 in Resources */,
				1FD864ED28846656008E02AF /* Филипп - true.mp3 in Resources */,
				1FD8652B288469A4008E02AF /* Дмитрий - вверх.mp3 in Resources */,
				1FD8652128846997008E02AF /* Анна - влево.mp3 in Resources */,
				1FD8650E28846874008E02AF /* Алена - вверх.mp3 in Resources */,
				1F9510F028844BE5002F4345 /* Даниил - вверх.mp3 in Resources */,
				1FD8651F28846997008E02AF /* Анна - вправо.mp3 in Resources */,
				1FD8651228846874008E02AF /* Алена - вниз.mp3 in Resources */,
				1FD864F82884673A008E02AF /* Карина - true.mp3 in Resources */,
				1FD8651D28846997008E02AF /* Анна - true.mp3 in Resources */,
				1FD864DE288464A5008E02AF /* Даниил - false.mp3 in Resources */,
				1F9510ED28844BE5002F4345 /* Даниил - вниз.mp3 in Resources */,
				1F68C0252853286200FFBDD0 /* Assets.xcassets in Resources */,
				1FD8651128846874008E02AF /* Алена - Где муха?.mp3 in Resources */,
				1FD864EE28846656008E02AF /* Филипп - Где муха?.mp3 in Resources */,
				1FD8652028846997008E02AF /* Анна - вверх.mp3 in Resources */,
				1F9510F128844BE5002F4345 /* Даниил - влево.mp3 in Resources */,
				1FD8650D28846874008E02AF /* Алена - влево.mp3 in Resources */,
				1FD864FA2884673A008E02AF /* Карина - false.mp3 in Resources */,
				1FD8652328846997008E02AF /* Анна - Где муха?.mp3 in Resources */,
				1FD8652D288469A4008E02AF /* Дмитрий - вниз.mp3 in Resources */,
				1FD864E828846656008E02AF /* Филипп - false.mp3 in Resources */,
				1FD864FC2884673A008E02AF /* Карина - вниз.mp3 in Resources */,
				1FD864F62884673A008E02AF /* Карина - влево.mp3 in Resources */,
				1FD8652F288469A4008E02AF /* Дмитрий - влево.mp3 in Resources */,
				1FD86530288469A4008E02AF /* Дмитрий - Где муха?.mp3 in Resources */,
			);
			runOnlyForDeploymentPostprocessing = 0;
		};
/* End PBXResourcesBuildPhase section */

/* Begin PBXShellScriptBuildPhase section */
		443109D98DC361693629D4D1 /* [CP] Embed Pods Frameworks */ = {
			isa = PBXShellScriptBuildPhase;
			buildActionMask = 2147483647;
			files = (
			);
			inputFileListPaths = (
				"${PODS_ROOT}/Target Support Files/Pods-Муха/Pods-Муха-frameworks-${CONFIGURATION}-input-files.xcfilelist",
			);
			name = "[CP] Embed Pods Frameworks";
			outputFileListPaths = (
				"${PODS_ROOT}/Target Support Files/Pods-Муха/Pods-Муха-frameworks-${CONFIGURATION}-output-files.xcfilelist",
			);
			runOnlyForDeploymentPostprocessing = 0;
			shellPath = /bin/sh;
			shellScript = "\"${PODS_ROOT}/Target Support Files/Pods-Муха/Pods-Муха-frameworks.sh\"\n";
			showEnvVarsInLog = 0;
		};
		A2D6A569EA5453081B4AA4A0 /* [CP] Check Pods Manifest.lock */ = {
			isa = PBXShellScriptBuildPhase;
			buildActionMask = 2147483647;
			files = (
			);
			inputFileListPaths = (
			);
			inputPaths = (
				"${PODS_PODFILE_DIR_PATH}/Podfile.lock",
				"${PODS_ROOT}/Manifest.lock",
			);
			name = "[CP] Check Pods Manifest.lock";
			outputFileListPaths = (
			);
			outputPaths = (
				"$(DERIVED_FILE_DIR)/Pods-Муха-checkManifestLockResult.txt",
			);
			runOnlyForDeploymentPostprocessing = 0;
			shellPath = /bin/sh;
			shellScript = "diff \"${PODS_PODFILE_DIR_PATH}/Podfile.lock\" \"${PODS_ROOT}/Manifest.lock\" > /dev/null\nif [ $? != 0 ] ; then\n    # print error to STDERR\n    echo \"error: The sandbox is not in sync with the Podfile.lock. Run 'pod install' or update your CocoaPods installation.\" >&2\n    exit 1\nfi\n# This output is used by Xcode 'outputs' to avoid re-running this script phase.\necho \"SUCCESS\" > \"${SCRIPT_OUTPUT_FILE_0}\"\n";
			showEnvVarsInLog = 0;
		};
/* End PBXShellScriptBuildPhase section */

/* Begin PBXSourcesBuildPhase section */
		1F68C0142853286000FFBDD0 /* Sources */ = {
			isa = PBXSourcesBuildPhase;
			buildActionMask = 2147483647;
			files = (
				1F1ADD44288FCFC100D908D7 /* Notifications.swift in Sources */,
				1F68C0202853286000FFBDD0 /* ViewController.swift in Sources */,
				1F1ADD4F2892A7E800D908D7 /* StatisticTableViewCell.swift in Sources */,
				1F1ADD4B28927DAD00D908D7 /* StatisticManager.swift in Sources */,
				1F1ADD4D28928EB000D908D7 /* StatisticViewController.swift in Sources */,
				1F68C0322853298900FFBDD0 /* BeeCollectionView.swift in Sources */,
				1F68C03428532CE400FFBDD0 /* BeeCollectionViewCell.swift in Sources */,
				1F68C01C2853286000FFBDD0 /* AppDelegate.swift in Sources */,
				1F68C01E2853286000FFBDD0 /* SceneDelegate.swift in Sources */,
				1F825AC4285B7C8300B7C315 /* SettingsViewController.swift in Sources */,
				1F1ADD462892633200D908D7 /* StatisticModel.swift in Sources */,
				1F68C030285328D200FFBDD0 /* BeeViewController.swift in Sources */,
			);
			runOnlyForDeploymentPostprocessing = 0;
		};
/* End PBXSourcesBuildPhase section */

/* Begin PBXVariantGroup section */
		1F68C0262853286200FFBDD0 /* LaunchScreen.storyboard */ = {
			isa = PBXVariantGroup;
			children = (
				1F68C0272853286200FFBDD0 /* Base */,
			);
			name = LaunchScreen.storyboard;
			sourceTree = "<group>";
		};
/* End PBXVariantGroup section */

/* Begin XCBuildConfiguration section */
		1F68C02A2853286200FFBDD0 /* Debug */ = {
			isa = XCBuildConfiguration;
			buildSettings = {
				ALWAYS_SEARCH_USER_PATHS = NO;
				CLANG_ANALYZER_NONNULL = YES;
				CLANG_ANALYZER_NUMBER_OBJECT_CONVERSION = YES_AGGRESSIVE;
				CLANG_CXX_LANGUAGE_STANDARD = "gnu++17";
				CLANG_ENABLE_MODULES = YES;
				CLANG_ENABLE_OBJC_ARC = YES;
				CLANG_ENABLE_OBJC_WEAK = YES;
				CLANG_WARN_BLOCK_CAPTURE_AUTORELEASING = YES;
				CLANG_WARN_BOOL_CONVERSION = YES;
				CLANG_WARN_COMMA = YES;
				CLANG_WARN_CONSTANT_CONVERSION = YES;
				CLANG_WARN_DEPRECATED_OBJC_IMPLEMENTATIONS = YES;
				CLANG_WARN_DIRECT_OBJC_ISA_USAGE = YES_ERROR;
				CLANG_WARN_DOCUMENTATION_COMMENTS = YES;
				CLANG_WARN_EMPTY_BODY = YES;
				CLANG_WARN_ENUM_CONVERSION = YES;
				CLANG_WARN_INFINITE_RECURSION = YES;
				CLANG_WARN_INT_CONVERSION = YES;
				CLANG_WARN_NON_LITERAL_NULL_CONVERSION = YES;
				CLANG_WARN_OBJC_IMPLICIT_RETAIN_SELF = YES;
				CLANG_WARN_OBJC_LITERAL_CONVERSION = YES;
				CLANG_WARN_OBJC_ROOT_CLASS = YES_ERROR;
				CLANG_WARN_QUOTED_INCLUDE_IN_FRAMEWORK_HEADER = YES;
				CLANG_WARN_RANGE_LOOP_ANALYSIS = YES;
				CLANG_WARN_STRICT_PROTOTYPES = YES;
				CLANG_WARN_SUSPICIOUS_MOVE = YES;
				CLANG_WARN_UNGUARDED_AVAILABILITY = YES_AGGRESSIVE;
				CLANG_WARN_UNREACHABLE_CODE = YES;
				CLANG_WARN__DUPLICATE_METHOD_MATCH = YES;
				COPY_PHASE_STRIP = NO;
				DEBUG_INFORMATION_FORMAT = dwarf;
				ENABLE_STRICT_OBJC_MSGSEND = YES;
				ENABLE_TESTABILITY = YES;
				GCC_C_LANGUAGE_STANDARD = gnu11;
				GCC_DYNAMIC_NO_PIC = NO;
				GCC_NO_COMMON_BLOCKS = YES;
				GCC_OPTIMIZATION_LEVEL = 0;
				GCC_PREPROCESSOR_DEFINITIONS = (
					"DEBUG=1",
					"$(inherited)",
				);
				GCC_WARN_64_TO_32_BIT_CONVERSION = YES;
				GCC_WARN_ABOUT_RETURN_TYPE = YES_ERROR;
				GCC_WARN_UNDECLARED_SELECTOR = YES;
				GCC_WARN_UNINITIALIZED_AUTOS = YES_AGGRESSIVE;
				GCC_WARN_UNUSED_FUNCTION = YES;
				GCC_WARN_UNUSED_VARIABLE = YES;
				IPHONEOS_DEPLOYMENT_TARGET = 13.0;
				MTL_ENABLE_DEBUG_INFO = INCLUDE_SOURCE;
				MTL_FAST_MATH = YES;
				ONLY_ACTIVE_ARCH = YES;
				SDKROOT = iphoneos;
				SWIFT_ACTIVE_COMPILATION_CONDITIONS = DEBUG;
				SWIFT_OPTIMIZATION_LEVEL = "-Onone";
			};
			name = Debug;
		};
		1F68C02B2853286200FFBDD0 /* Release */ = {
			isa = XCBuildConfiguration;
			buildSettings = {
				ALWAYS_SEARCH_USER_PATHS = NO;
				CLANG_ANALYZER_NONNULL = YES;
				CLANG_ANALYZER_NUMBER_OBJECT_CONVERSION = YES_AGGRESSIVE;
				CLANG_CXX_LANGUAGE_STANDARD = "gnu++17";
				CLANG_ENABLE_MODULES = YES;
				CLANG_ENABLE_OBJC_ARC = YES;
				CLANG_ENABLE_OBJC_WEAK = YES;
				CLANG_WARN_BLOCK_CAPTURE_AUTORELEASING = YES;
				CLANG_WARN_BOOL_CONVERSION = YES;
				CLANG_WARN_COMMA = YES;
				CLANG_WARN_CONSTANT_CONVERSION = YES;
				CLANG_WARN_DEPRECATED_OBJC_IMPLEMENTATIONS = YES;
				CLANG_WARN_DIRECT_OBJC_ISA_USAGE = YES_ERROR;
				CLANG_WARN_DOCUMENTATION_COMMENTS = YES;
				CLANG_WARN_EMPTY_BODY = YES;
				CLANG_WARN_ENUM_CONVERSION = YES;
				CLANG_WARN_INFINITE_RECURSION = YES;
				CLANG_WARN_INT_CONVERSION = YES;
				CLANG_WARN_NON_LITERAL_NULL_CONVERSION = YES;
				CLANG_WARN_OBJC_IMPLICIT_RETAIN_SELF = YES;
				CLANG_WARN_OBJC_LITERAL_CONVERSION = YES;
				CLANG_WARN_OBJC_ROOT_CLASS = YES_ERROR;
				CLANG_WARN_QUOTED_INCLUDE_IN_FRAMEWORK_HEADER = YES;
				CLANG_WARN_RANGE_LOOP_ANALYSIS = YES;
				CLANG_WARN_STRICT_PROTOTYPES = YES;
				CLANG_WARN_SUSPICIOUS_MOVE = YES;
				CLANG_WARN_UNGUARDED_AVAILABILITY = YES_AGGRESSIVE;
				CLANG_WARN_UNREACHABLE_CODE = YES;
				CLANG_WARN__DUPLICATE_METHOD_MATCH = YES;
				COPY_PHASE_STRIP = NO;
				DEBUG_INFORMATION_FORMAT = "dwarf-with-dsym";
				ENABLE_NS_ASSERTIONS = NO;
				ENABLE_STRICT_OBJC_MSGSEND = YES;
				GCC_C_LANGUAGE_STANDARD = gnu11;
				GCC_NO_COMMON_BLOCKS = YES;
				GCC_WARN_64_TO_32_BIT_CONVERSION = YES;
				GCC_WARN_ABOUT_RETURN_TYPE = YES_ERROR;
				GCC_WARN_UNDECLARED_SELECTOR = YES;
				GCC_WARN_UNINITIALIZED_AUTOS = YES_AGGRESSIVE;
				GCC_WARN_UNUSED_FUNCTION = YES;
				GCC_WARN_UNUSED_VARIABLE = YES;
				IPHONEOS_DEPLOYMENT_TARGET = 13.0;
				MTL_ENABLE_DEBUG_INFO = NO;
				MTL_FAST_MATH = YES;
				SDKROOT = iphoneos;
				SWIFT_COMPILATION_MODE = wholemodule;
				SWIFT_OPTIMIZATION_LEVEL = "-O";
				VALIDATE_PRODUCT = YES;
			};
			name = Release;
		};
		1F68C02D2853286200FFBDD0 /* Debug */ = {
			isa = XCBuildConfiguration;
			baseConfigurationReference = B3345615330339374395CE16 /* Pods-Муха.debug.xcconfig */;
			buildSettings = {
				ASSETCATALOG_COMPILER_APPICON_NAME = AppIcon;
				ASSETCATALOG_COMPILER_GLOBAL_ACCENT_COLOR_NAME = AccentColor;
				CODE_SIGN_STYLE = Automatic;
				CURRENT_PROJECT_VERSION = 1;
				DEVELOPMENT_TEAM = H5VQ3T5G2F;
				GENERATE_INFOPLIST_FILE = YES;
				INFOPLIST_FILE = "Муха/Info.plist";
				INFOPLIST_KEY_CFBundleDisplayName = "Где муха?";
				INFOPLIST_KEY_UIApplicationSupportsIndirectInputEvents = YES;
				INFOPLIST_KEY_UILaunchStoryboardName = LaunchScreen;
				INFOPLIST_KEY_UISupportedInterfaceOrientations = UIInterfaceOrientationPortrait;
				INFOPLIST_KEY_UISupportedInterfaceOrientations_iPad = UIInterfaceOrientationPortrait;
				INFOPLIST_KEY_UISupportedInterfaceOrientations_iPhone = UIInterfaceOrientationPortrait;
				IPHONEOS_DEPLOYMENT_TARGET = 13.0;
				LD_RUNPATH_SEARCH_PATHS = (
					"$(inherited)",
					"@executable_path/Frameworks",
				);
				MARKETING_VERSION = 1.2.1;
				OTHER_LDFLAGS = "$(inherited)";
				PRODUCT_BUNDLE_IDENTIFIER = "com.alex-und3r.bee";
				PRODUCT_NAME = "$(TARGET_NAME)";
				SWIFT_EMIT_LOC_STRINGS = YES;
				SWIFT_VERSION = 5.0;
				TARGETED_DEVICE_FAMILY = 1;
				VALIDATE_PRODUCT = YES;
			};
			name = Debug;
		};
		1F68C02E2853286200FFBDD0 /* Release */ = {
			isa = XCBuildConfiguration;
			baseConfigurationReference = E0CE08313C80FB50470D50CF /* Pods-Муха.release.xcconfig */;
			buildSettings = {
				ASSETCATALOG_COMPILER_APPICON_NAME = AppIcon;
				ASSETCATALOG_COMPILER_GLOBAL_ACCENT_COLOR_NAME = AccentColor;
				CODE_SIGN_STYLE = Automatic;
				CURRENT_PROJECT_VERSION = 1;
				DEVELOPMENT_TEAM = H5VQ3T5G2F;
				GENERATE_INFOPLIST_FILE = YES;
				INFOPLIST_FILE = "Муха/Info.plist";
				INFOPLIST_KEY_CFBundleDisplayName = "Где муха?";
				INFOPLIST_KEY_UIApplicationSupportsIndirectInputEvents = YES;
				INFOPLIST_KEY_UILaunchStoryboardName = LaunchScreen;
				INFOPLIST_KEY_UISupportedInterfaceOrientations = UIInterfaceOrientationPortrait;
				INFOPLIST_KEY_UISupportedInterfaceOrientations_iPad = UIInterfaceOrientationPortrait;
				INFOPLIST_KEY_UISupportedInterfaceOrientations_iPhone = UIInterfaceOrientationPortrait;
				IPHONEOS_DEPLOYMENT_TARGET = 13.0;
				LD_RUNPATH_SEARCH_PATHS = (
					"$(inherited)",
					"@executable_path/Frameworks",
				);
				MARKETING_VERSION = 1.2.1;
				OTHER_LDFLAGS = "$(inherited)";
				PRODUCT_BUNDLE_IDENTIFIER = "com.alex-und3r.bee";
				PRODUCT_NAME = "$(TARGET_NAME)";
				SWIFT_EMIT_LOC_STRINGS = YES;
				SWIFT_VERSION = 5.0;
				TARGETED_DEVICE_FAMILY = 1;
			};
			name = Release;
		};
/* End XCBuildConfiguration section */

/* Begin XCConfigurationList section */
		1F68C0132853286000FFBDD0 /* Build configuration list for PBXProject "Муха" */ = {
			isa = XCConfigurationList;
			buildConfigurations = (
				1F68C02A2853286200FFBDD0 /* Debug */,
				1F68C02B2853286200FFBDD0 /* Release */,
			);
			defaultConfigurationIsVisible = 0;
			defaultConfigurationName = Release;
		};
		1F68C02C2853286200FFBDD0 /* Build configuration list for PBXNativeTarget "Муха" */ = {
			isa = XCConfigurationList;
			buildConfigurations = (
				1F68C02D2853286200FFBDD0 /* Debug */,
				1F68C02E2853286200FFBDD0 /* Release */,
			);
			defaultConfigurationIsVisible = 0;
			defaultConfigurationName = Release;
		};
/* End XCConfigurationList section */
	};
	rootObject = 1F68C0102853286000FFBDD0 /* Project object */;
}
